
Microsoft Visual Studio Solution File, Format Version 12.00
# Visual Studio 15
VisualStudioVersion = 15.0.28307.1433
MinimumVisualStudioVersion = 10.0.40219.1
Project("{FAE04EC0-301F-11D3-BF4B-00C04F79EFBC}") = "DAL", "DAL\DAL.csproj", "{E2ACA380-1CC9-407F-85F3-35F863C8F123}"
EndProject
Project("{FAE04EC0-301F-11D3-BF4B-00C04F79EFBC}") = "API", "API\API.csproj", "{602F1A42-CC5E-48CE-A653-46AD7561B418}"
EndProject
Global
	GlobalSection(SolutionConfigurationPlatforms) = preSolution
		Debug|Any CPU = Debug|Any CPU
		Release|Any CPU = Release|Any CPU
	EndGlobalSection
	GlobalSection(ProjectConfigurationPlatforms) = postSolution
		{E2ACA380-1CC9-407F-85F3-35F863C8F123}.Debug|Any CPU.ActiveCfg = Debug|Any CPU
		{E2ACA380-1CC9-407F-85F3-35F863C8F123}.Debug|Any CPU.Build.0 = Debug|Any CPU
		{E2ACA380-1CC9-407F-85F3-35F863C8F123}.Release|Any CPU.ActiveCfg = Release|Any CPU
		{E2ACA380-1CC9-407F-85F3-35F863C8F123}.Release|Any CPU.Build.0 = Release|Any CPU
		{602F1A42-CC5E-48CE-A653-46AD7561B418}.Debug|Any CPU.ActiveCfg = Debug|Any CPU
		{602F1A42-CC5E-48CE-A653-46AD7561B418}.Debug|Any CPU.Build.0 = Debug|Any CPU
		{602F1A42-CC5E-48CE-A653-46AD7561B418}.Release|Any CPU.ActiveCfg = Release|Any CPU
		{602F1A42-CC5E-48CE-A653-46AD7561B418}.Release|Any CPU.Build.0 = Release|Any CPU
	EndGlobalSection
	GlobalSection(SolutionProperties) = preSolution
		HideSolutionNode = FALSE
	EndGlobalSection
	GlobalSection(ExtensibilityGlobals) = postSolution
		SolutionGuid = {5E6FD077-23A7-4D21-A809-D76829C94563}
	EndGlobalSection
EndGlobal
